
Microsoft Visual Studio Solution File, Format Version 12.00
# Visual Studio 15
VisualStudioVersion = 15.0.28307.1082
MinimumVisualStudioVersion = 10.0.40219.1
Project("{FAE04EC0-301F-11D3-BF4B-00C04F79EFBC}") = "StudentDb", "StudentDb\StudentDb.csproj", "{1D7EFBFE-8259-4ED9-B133-CC2AF522DB64}"
EndProject
Project("{FAE04EC0-301F-11D3-BF4B-00C04F79EFBC}") = "StudentDb.Domain", "StudentDb.Domain\StudentDb.Domain.csproj", "{43C34492-785F-4D8C-A10F-4A7BD932BA68}"
EndProject
Global
	GlobalSection(SolutionConfigurationPlatforms) = preSolution
		Debug|Any CPU = Debug|Any CPU
		Release|Any CPU = Release|Any CPU
	EndGlobalSection
	GlobalSection(ProjectConfigurationPlatforms) = postSolution
		{1D7EFBFE-8259-4ED9-B133-CC2AF522DB64}.Debug|Any CPU.ActiveCfg = Debug|Any CPU
		{1D7EFBFE-8259-4ED9-B133-CC2AF522DB64}.Debug|Any CPU.Build.0 = Debug|Any CPU
		{1D7EFBFE-8259-4ED9-B133-CC2AF522DB64}.Release|Any CPU.ActiveCfg = Release|Any CPU
		{1D7EFBFE-8259-4ED9-B133-CC2AF522DB64}.Release|Any CPU.Build.0 = Release|Any CPU
		{43C34492-785F-4D8C-A10F-4A7BD932BA68}.Debug|Any CPU.ActiveCfg = Debug|Any CPU
		{43C34492-785F-4D8C-A10F-4A7BD932BA68}.Debug|Any CPU.Build.0 = Debug|Any CPU
		{43C34492-785F-4D8C-A10F-4A7BD932BA68}.Release|Any CPU.ActiveCfg = Release|Any CPU
		{43C34492-785F-4D8C-A10F-4A7BD932BA68}.Release|Any CPU.Build.0 = Release|Any CPU
	EndGlobalSection
	GlobalSection(SolutionProperties) = preSolution
		HideSolutionNode = FALSE
	EndGlobalSection
	GlobalSection(ExtensibilityGlobals) = postSolution
		SolutionGuid = {3BC41FDA-9112-4A09-8DFE-2647E8A8B949}
	EndGlobalSection
EndGlobal
