
Microsoft Visual Studio Solution File, Format Version 12.00
# Visual Studio 15
VisualStudioVersion = 15.0.28307.902
MinimumVisualStudioVersion = 10.0.40219.1
Project("{FAE04EC0-301F-11D3-BF4B-00C04F79EFBC}") = "Task_1_m1", "Task_1_m1\Task_1_m1.csproj", "{64C4E853-2B53-4CED-BDDB-C03D6CEB25C9}"
EndProject
Global
	GlobalSection(SolutionConfigurationPlatforms) = preSolution
		Debug|Any CPU = Debug|Any CPU
		Release|Any CPU = Release|Any CPU
	EndGlobalSection
	GlobalSection(ProjectConfigurationPlatforms) = postSolution
		{64C4E853-2B53-4CED-BDDB-C03D6CEB25C9}.Debug|Any CPU.ActiveCfg = Debug|Any CPU
		{64C4E853-2B53-4CED-BDDB-C03D6CEB25C9}.Debug|Any CPU.Build.0 = Debug|Any CPU
		{64C4E853-2B53-4CED-BDDB-C03D6CEB25C9}.Release|Any CPU.ActiveCfg = Release|Any CPU
		{64C4E853-2B53-4CED-BDDB-C03D6CEB25C9}.Release|Any CPU.Build.0 = Release|Any CPU
	EndGlobalSection
	GlobalSection(SolutionProperties) = preSolution
		HideSolutionNode = FALSE
	EndGlobalSection
	GlobalSection(ExtensibilityGlobals) = postSolution
		SolutionGuid = {D666DBA3-CBC0-4B1C-A8FB-9CDBB114C751}
	EndGlobalSection
EndGlobal
