
Microsoft Visual Studio Solution File, Format Version 12.00
# Visual Studio 15
VisualStudioVersion = 15.0.28307.1082
MinimumVisualStudioVersion = 10.0.40219.1
Project("{FAE04EC0-301F-11D3-BF4B-00C04F79EFBC}") = "Test", "Test\Test.csproj", "{92B76F27-3997-4592-9FDB-43FA7DD80218}"
EndProject
Project("{FAE04EC0-301F-11D3-BF4B-00C04F79EFBC}") = "Test.Test", "Test.Test\Test.Test.csproj", "{C1AF2C09-0863-4C45-ACE9-8692DAB04978}"
EndProject
Global
	GlobalSection(SolutionConfigurationPlatforms) = preSolution
		Debug|Any CPU = Debug|Any CPU
		Release|Any CPU = Release|Any CPU
	EndGlobalSection
	GlobalSection(ProjectConfigurationPlatforms) = postSolution
		{92B76F27-3997-4592-9FDB-43FA7DD80218}.Debug|Any CPU.ActiveCfg = Debug|Any CPU
		{92B76F27-3997-4592-9FDB-43FA7DD80218}.Debug|Any CPU.Build.0 = Debug|Any CPU
		{92B76F27-3997-4592-9FDB-43FA7DD80218}.Release|Any CPU.ActiveCfg = Release|Any CPU
		{92B76F27-3997-4592-9FDB-43FA7DD80218}.Release|Any CPU.Build.0 = Release|Any CPU
		{C1AF2C09-0863-4C45-ACE9-8692DAB04978}.Debug|Any CPU.ActiveCfg = Debug|Any CPU
		{C1AF2C09-0863-4C45-ACE9-8692DAB04978}.Debug|Any CPU.Build.0 = Debug|Any CPU
		{C1AF2C09-0863-4C45-ACE9-8692DAB04978}.Release|Any CPU.ActiveCfg = Release|Any CPU
		{C1AF2C09-0863-4C45-ACE9-8692DAB04978}.Release|Any CPU.Build.0 = Release|Any CPU
	EndGlobalSection
	GlobalSection(SolutionProperties) = preSolution
		HideSolutionNode = FALSE
	EndGlobalSection
	GlobalSection(ExtensibilityGlobals) = postSolution
		SolutionGuid = {E797D51D-60BD-4379-B40A-48A688D5E9F4}
	EndGlobalSection
EndGlobal
